// !$*UTF8*$!
{
	archiveVersion = 1;
	classes = {
	};
	objectVersion = 51;
	objects = {

/* Begin PBXBuildFile section */
		7711050223C5086800933BC1 /* ShowDetailViewController.swift in Sources */ = {isa = PBXBuildFile; fileRef = 7711050123C5086800933BC1 /* ShowDetailViewController.swift */; };
		7711050A23C66C8C00933BC1 /* Show+CoreDataProperties.swift in Sources */ = {isa = PBXBuildFile; fileRef = 7711050923C66C8C00933BC1 /* Show+CoreDataProperties.swift */; };
		7711050C23C75EB800933BC1 /* EpisodeRepresentation.swift in Sources */ = {isa = PBXBuildFile; fileRef = 7711050B23C75EB800933BC1 /* EpisodeRepresentation.swift */; };
		77139DBE23BDBE9600294724 /* ShowCollectionViewCell.swift in Sources */ = {isa = PBXBuildFile; fileRef = 77139DBD23BDBE9600294724 /* ShowCollectionViewCell.swift */; };
		77139DD223BFF63900294724 /* APIController.swift in Sources */ = {isa = PBXBuildFile; fileRef = 77139DD123BFF63900294724 /* APIController.swift */; };
		771FE17A23C785890038D59C /* Nunito-Regular.ttf in Resources */ = {isa = PBXBuildFile; fileRef = 771FE16C23C785880038D59C /* Nunito-Regular.ttf */; };
		771FE17B23C785890038D59C /* Nunito-ExtraBold.ttf in Resources */ = {isa = PBXBuildFile; fileRef = 771FE16D23C785880038D59C /* Nunito-ExtraBold.ttf */; };
		771FE17C23C785890038D59C /* Nunito-ExtraLight.ttf in Resources */ = {isa = PBXBuildFile; fileRef = 771FE16E23C785880038D59C /* Nunito-ExtraLight.ttf */; };
		771FE17D23C785890038D59C /* Nunito-ExtraLightItalic.ttf in Resources */ = {isa = PBXBuildFile; fileRef = 771FE16F23C785880038D59C /* Nunito-ExtraLightItalic.ttf */; };
		771FE17E23C785890038D59C /* Nunito-Bold.ttf in Resources */ = {isa = PBXBuildFile; fileRef = 771FE17023C785880038D59C /* Nunito-Bold.ttf */; };
		771FE17F23C785890038D59C /* Nunito-BoldItalic.ttf in Resources */ = {isa = PBXBuildFile; fileRef = 771FE17123C785880038D59C /* Nunito-BoldItalic.ttf */; };
		771FE18023C785890038D59C /* Nunito-Italic.ttf in Resources */ = {isa = PBXBuildFile; fileRef = 771FE17223C785880038D59C /* Nunito-Italic.ttf */; };
		771FE18123C785890038D59C /* Nunito-SemiBold.ttf in Resources */ = {isa = PBXBuildFile; fileRef = 771FE17323C785880038D59C /* Nunito-SemiBold.ttf */; };
		771FE18223C785890038D59C /* Nunito-SemiBoldItalic.ttf in Resources */ = {isa = PBXBuildFile; fileRef = 771FE17423C785880038D59C /* Nunito-SemiBoldItalic.ttf */; };
		771FE18323C785890038D59C /* Nunito-Black.ttf in Resources */ = {isa = PBXBuildFile; fileRef = 771FE17523C785880038D59C /* Nunito-Black.ttf */; };
		771FE18423C785890038D59C /* Nunito-BlackItalic.ttf in Resources */ = {isa = PBXBuildFile; fileRef = 771FE17623C785880038D59C /* Nunito-BlackItalic.ttf */; };
		771FE18523C785890038D59C /* Nunito-Light.ttf in Resources */ = {isa = PBXBuildFile; fileRef = 771FE17723C785880038D59C /* Nunito-Light.ttf */; };
		771FE18623C785890038D59C /* Nunito-LightItalic.ttf in Resources */ = {isa = PBXBuildFile; fileRef = 771FE17823C785880038D59C /* Nunito-LightItalic.ttf */; };
		771FE18723C785890038D59C /* Nunito-ExtraBoldItalic.ttf in Resources */ = {isa = PBXBuildFile; fileRef = 771FE17923C785890038D59C /* Nunito-ExtraBoldItalic.ttf */; };
		771FE18923C79D860038D59C /* UIImage+Extension.swift in Sources */ = {isa = PBXBuildFile; fileRef = 771FE18823C79D860038D59C /* UIImage+Extension.swift */; };
		772B58B823C149320017F287 /* ShowRepresentation.swift in Sources */ = {isa = PBXBuildFile; fileRef = 772B58B723C149320017F287 /* ShowRepresentation.swift */; };
		773439D323B958BD004A525E /* ShowCollectionViewController.swift in Sources */ = {isa = PBXBuildFile; fileRef = 773439D223B958BD004A525E /* ShowCollectionViewController.swift */; };
		7771320923C429B9006258D2 /* Show+CoreDataClass.swift in Sources */ = {isa = PBXBuildFile; fileRef = 7771320723C429B9006258D2 /* Show+CoreDataClass.swift */; };
		77C6E85523B504170073F258 /* AppDelegate.swift in Sources */ = {isa = PBXBuildFile; fileRef = 77C6E85423B504170073F258 /* AppDelegate.swift */; };
		77C6E85723B504170073F258 /* SceneDelegate.swift in Sources */ = {isa = PBXBuildFile; fileRef = 77C6E85623B504170073F258 /* SceneDelegate.swift */; };
		77C6E85C23B504170073F258 /* Main.storyboard in Resources */ = {isa = PBXBuildFile; fileRef = 77C6E85A23B504170073F258 /* Main.storyboard */; };
		77C6E85E23B5041A0073F258 /* Assets.xcassets in Resources */ = {isa = PBXBuildFile; fileRef = 77C6E85D23B5041A0073F258 /* Assets.xcassets */; };
		77C6E86123B5041A0073F258 /* LaunchScreen.storyboard in Resources */ = {isa = PBXBuildFile; fileRef = 77C6E85F23B5041A0073F258 /* LaunchScreen.storyboard */; };
		77C6E87323B526B70073F258 /* SearchTableViewController.swift in Sources */ = {isa = PBXBuildFile; fileRef = 77C6E87223B526B70073F258 /* SearchTableViewController.swift */; };
		77DD7E4223BA9A0400A8F9A5 /* Binge.xcdatamodeld in Sources */ = {isa = PBXBuildFile; fileRef = 77DD7E4023BA9A0400A8F9A5 /* Binge.xcdatamodeld */; };
		77DD7E4623BA9F5200A8F9A5 /* Show+Convenience.swift in Sources */ = {isa = PBXBuildFile; fileRef = 77DD7E4523BA9F5200A8F9A5 /* Show+Convenience.swift */; };
		77DD7E4823BAA34D00A8F9A5 /* CoreDataStack.swift in Sources */ = {isa = PBXBuildFile; fileRef = 77DD7E4723BAA34D00A8F9A5 /* CoreDataStack.swift */; };
		77DD7E4A23BAAA9400A8F9A5 /* EpisodeTableViewCell.swift in Sources */ = {isa = PBXBuildFile; fileRef = 77DD7E4923BAAA9400A8F9A5 /* EpisodeTableViewCell.swift */; };
		F453DF0CC223C2A964B4F0BC /* Pods_Binge.framework in Frameworks */ = {isa = PBXBuildFile; fileRef = 2B4783AD79A94B289CC1B86A /* Pods_Binge.framework */; };
/* End PBXBuildFile section */

/* Begin PBXFileReference section */
		2B4783AD79A94B289CC1B86A /* Pods_Binge.framework */ = {isa = PBXFileReference; explicitFileType = wrapper.framework; includeInIndex = 0; path = Pods_Binge.framework; sourceTree = BUILT_PRODUCTS_DIR; };
		50106E8ED39CCBDEF15607CE /* Pods-Binge.debug.xcconfig */ = {isa = PBXFileReference; includeInIndex = 1; lastKnownFileType = text.xcconfig; name = "Pods-Binge.debug.xcconfig"; path = "Target Support Files/Pods-Binge/Pods-Binge.debug.xcconfig"; sourceTree = "<group>"; };
		7711050123C5086800933BC1 /* ShowDetailViewController.swift */ = {isa = PBXFileReference; lastKnownFileType = sourcecode.swift; path = ShowDetailViewController.swift; sourceTree = "<group>"; };
		7711050923C66C8C00933BC1 /* Show+CoreDataProperties.swift */ = {isa = PBXFileReference; lastKnownFileType = sourcecode.swift; path = "Show+CoreDataProperties.swift"; sourceTree = "<group>"; };
		7711050B23C75EB800933BC1 /* EpisodeRepresentation.swift */ = {isa = PBXFileReference; lastKnownFileType = sourcecode.swift; path = EpisodeRepresentation.swift; sourceTree = "<group>"; };
		77139DBD23BDBE9600294724 /* ShowCollectionViewCell.swift */ = {isa = PBXFileReference; lastKnownFileType = sourcecode.swift; path = ShowCollectionViewCell.swift; sourceTree = "<group>"; };
		77139DD123BFF63900294724 /* APIController.swift */ = {isa = PBXFileReference; lastKnownFileType = sourcecode.swift; path = APIController.swift; sourceTree = "<group>"; };
		771FE16C23C785880038D59C /* Nunito-Regular.ttf */ = {isa = PBXFileReference; lastKnownFileType = file; path = "Nunito-Regular.ttf"; sourceTree = "<group>"; };
		771FE16D23C785880038D59C /* Nunito-ExtraBold.ttf */ = {isa = PBXFileReference; lastKnownFileType = file; path = "Nunito-ExtraBold.ttf"; sourceTree = "<group>"; };
		771FE16E23C785880038D59C /* Nunito-ExtraLight.ttf */ = {isa = PBXFileReference; lastKnownFileType = file; path = "Nunito-ExtraLight.ttf"; sourceTree = "<group>"; };
		771FE16F23C785880038D59C /* Nunito-ExtraLightItalic.ttf */ = {isa = PBXFileReference; lastKnownFileType = file; path = "Nunito-ExtraLightItalic.ttf"; sourceTree = "<group>"; };
		771FE17023C785880038D59C /* Nunito-Bold.ttf */ = {isa = PBXFileReference; lastKnownFileType = file; path = "Nunito-Bold.ttf"; sourceTree = "<group>"; };
		771FE17123C785880038D59C /* Nunito-BoldItalic.ttf */ = {isa = PBXFileReference; lastKnownFileType = file; path = "Nunito-BoldItalic.ttf"; sourceTree = "<group>"; };
		771FE17223C785880038D59C /* Nunito-Italic.ttf */ = {isa = PBXFileReference; lastKnownFileType = file; path = "Nunito-Italic.ttf"; sourceTree = "<group>"; };
		771FE17323C785880038D59C /* Nunito-SemiBold.ttf */ = {isa = PBXFileReference; lastKnownFileType = file; path = "Nunito-SemiBold.ttf"; sourceTree = "<group>"; };
		771FE17423C785880038D59C /* Nunito-SemiBoldItalic.ttf */ = {isa = PBXFileReference; lastKnownFileType = file; path = "Nunito-SemiBoldItalic.ttf"; sourceTree = "<group>"; };
		771FE17523C785880038D59C /* Nunito-Black.ttf */ = {isa = PBXFileReference; lastKnownFileType = file; path = "Nunito-Black.ttf"; sourceTree = "<group>"; };
		771FE17623C785880038D59C /* Nunito-BlackItalic.ttf */ = {isa = PBXFileReference; lastKnownFileType = file; path = "Nunito-BlackItalic.ttf"; sourceTree = "<group>"; };
		771FE17723C785880038D59C /* Nunito-Light.ttf */ = {isa = PBXFileReference; lastKnownFileType = file; path = "Nunito-Light.ttf"; sourceTree = "<group>"; };
		771FE17823C785880038D59C /* Nunito-LightItalic.ttf */ = {isa = PBXFileReference; lastKnownFileType = file; path = "Nunito-LightItalic.ttf"; sourceTree = "<group>"; };
		771FE17923C785890038D59C /* Nunito-ExtraBoldItalic.ttf */ = {isa = PBXFileReference; lastKnownFileType = file; path = "Nunito-ExtraBoldItalic.ttf"; sourceTree = "<group>"; };
		771FE18823C79D860038D59C /* UIImage+Extension.swift */ = {isa = PBXFileReference; lastKnownFileType = sourcecode.swift; path = "UIImage+Extension.swift"; sourceTree = "<group>"; };
		771FE18A23C7BAA50038D59C /* TODO.md */ = {isa = PBXFileReference; lastKnownFileType = net.daringfireball.markdown; path = TODO.md; sourceTree = "<group>"; };
		772B58B723C149320017F287 /* ShowRepresentation.swift */ = {isa = PBXFileReference; lastKnownFileType = sourcecode.swift; path = ShowRepresentation.swift; sourceTree = "<group>"; };
		773439D223B958BD004A525E /* ShowCollectionViewController.swift */ = {isa = PBXFileReference; lastKnownFileType = sourcecode.swift; path = ShowCollectionViewController.swift; sourceTree = "<group>"; };
		7771320723C429B9006258D2 /* Show+CoreDataClass.swift */ = {isa = PBXFileReference; lastKnownFileType = sourcecode.swift; path = "Show+CoreDataClass.swift"; sourceTree = "<group>"; };
		77C6E85123B504170073F258 /* Binge.app */ = {isa = PBXFileReference; explicitFileType = wrapper.application; includeInIndex = 0; path = Binge.app; sourceTree = BUILT_PRODUCTS_DIR; };
		77C6E85423B504170073F258 /* AppDelegate.swift */ = {isa = PBXFileReference; lastKnownFileType = sourcecode.swift; path = AppDelegate.swift; sourceTree = "<group>"; };
		77C6E85623B504170073F258 /* SceneDelegate.swift */ = {isa = PBXFileReference; lastKnownFileType = sourcecode.swift; path = SceneDelegate.swift; sourceTree = "<group>"; };
		77C6E85B23B504170073F258 /* Base */ = {isa = PBXFileReference; lastKnownFileType = file.storyboard; name = Base; path = Base.lproj/Main.storyboard; sourceTree = "<group>"; };
		77C6E85D23B5041A0073F258 /* Assets.xcassets */ = {isa = PBXFileReference; lastKnownFileType = folder.assetcatalog; path = Assets.xcassets; sourceTree = "<group>"; };
		77C6E86023B5041A0073F258 /* Base */ = {isa = PBXFileReference; lastKnownFileType = file.storyboard; name = Base; path = Base.lproj/LaunchScreen.storyboard; sourceTree = "<group>"; };
		77C6E86223B5041A0073F258 /* Info.plist */ = {isa = PBXFileReference; lastKnownFileType = text.plist.xml; path = Info.plist; sourceTree = "<group>"; };
		77C6E87223B526B70073F258 /* SearchTableViewController.swift */ = {isa = PBXFileReference; lastKnownFileType = sourcecode.swift; path = SearchTableViewController.swift; sourceTree = "<group>"; };
		77DD7E4123BA9A0400A8F9A5 /* Show.xcdatamodel */ = {isa = PBXFileReference; lastKnownFileType = wrapper.xcdatamodel; path = Show.xcdatamodel; sourceTree = "<group>"; };
		77DD7E4523BA9F5200A8F9A5 /* Show+Convenience.swift */ = {isa = PBXFileReference; lastKnownFileType = sourcecode.swift; path = "Show+Convenience.swift"; sourceTree = "<group>"; };
		77DD7E4723BAA34D00A8F9A5 /* CoreDataStack.swift */ = {isa = PBXFileReference; lastKnownFileType = sourcecode.swift; path = CoreDataStack.swift; sourceTree = "<group>"; };
		77DD7E4923BAAA9400A8F9A5 /* EpisodeTableViewCell.swift */ = {isa = PBXFileReference; lastKnownFileType = sourcecode.swift; path = EpisodeTableViewCell.swift; sourceTree = "<group>"; };
		C9F301EB8351986368317837 /* Pods-Binge.release.xcconfig */ = {isa = PBXFileReference; includeInIndex = 1; lastKnownFileType = text.xcconfig; name = "Pods-Binge.release.xcconfig"; path = "Target Support Files/Pods-Binge/Pods-Binge.release.xcconfig"; sourceTree = "<group>"; };
/* End PBXFileReference section */

/* Begin PBXFrameworksBuildPhase section */
		77C6E84E23B504170073F258 /* Frameworks */ = {
			isa = PBXFrameworksBuildPhase;
			buildActionMask = 2147483647;
			files = (
				F453DF0CC223C2A964B4F0BC /* Pods_Binge.framework in Frameworks */,
			);
			runOnlyForDeploymentPostprocessing = 0;
		};
/* End PBXFrameworksBuildPhase section */

/* Begin PBXGroup section */
		567A761100C044DE225A3890 /* Frameworks */ = {
			isa = PBXGroup;
			children = (
				2B4783AD79A94B289CC1B86A /* Pods_Binge.framework */,
			);
			name = Frameworks;
			sourceTree = "<group>";
		};
		771FE16B23C785710038D59C /* Fonts */ = {
			isa = PBXGroup;
			children = (
				771FE17523C785880038D59C /* Nunito-Black.ttf */,
				771FE17623C785880038D59C /* Nunito-BlackItalic.ttf */,
				771FE17023C785880038D59C /* Nunito-Bold.ttf */,
				771FE17123C785880038D59C /* Nunito-BoldItalic.ttf */,
				771FE16D23C785880038D59C /* Nunito-ExtraBold.ttf */,
				771FE17923C785890038D59C /* Nunito-ExtraBoldItalic.ttf */,
				771FE16E23C785880038D59C /* Nunito-ExtraLight.ttf */,
				771FE16F23C785880038D59C /* Nunito-ExtraLightItalic.ttf */,
				771FE17223C785880038D59C /* Nunito-Italic.ttf */,
				771FE17723C785880038D59C /* Nunito-Light.ttf */,
				771FE17823C785880038D59C /* Nunito-LightItalic.ttf */,
				771FE16C23C785880038D59C /* Nunito-Regular.ttf */,
				771FE17323C785880038D59C /* Nunito-SemiBold.ttf */,
				771FE17423C785880038D59C /* Nunito-SemiBoldItalic.ttf */,
			);
			path = Fonts;
			sourceTree = "<group>";
		};
		77C6E84823B504170073F258 = {
			isa = PBXGroup;
			children = (
				77C6E85323B504170073F258 /* Binge */,
				77C6E85223B504170073F258 /* Products */,
				81F62C771F03F5DF786454A8 /* Pods */,
				567A761100C044DE225A3890 /* Frameworks */,
			);
			sourceTree = "<group>";
		};
		77C6E85223B504170073F258 /* Products */ = {
			isa = PBXGroup;
			children = (
				77C6E85123B504170073F258 /* Binge.app */,
			);
			name = Products;
			sourceTree = "<group>";
		};
		77C6E85323B504170073F258 /* Binge */ = {
			isa = PBXGroup;
			children = (
				77C6E86923B504670073F258 /* Storyboards */,
				77C6E86A23B504710073F258 /* View Controllers */,
				77C6E86B23B5047A0073F258 /* Views */,
				77C6E86D23B5048B0073F258 /* Model Controllers */,
				77C6E86C23B504850073F258 /* Models */,
				77C6E86823B504480073F258 /* Resources */,
				771FE18823C79D860038D59C /* UIImage+Extension.swift */,
				771FE18A23C7BAA50038D59C /* TODO.md */,
			);
			path = Binge;
			sourceTree = "<group>";
		};
		77C6E86823B504480073F258 /* Resources */ = {
			isa = PBXGroup;
			children = (
				771FE16B23C785710038D59C /* Fonts */,
				77C6E85423B504170073F258 /* AppDelegate.swift */,
				77C6E85623B504170073F258 /* SceneDelegate.swift */,
				77C6E85D23B5041A0073F258 /* Assets.xcassets */,
				77C6E86223B5041A0073F258 /* Info.plist */,
			);
			path = Resources;
			sourceTree = "<group>";
		};
		77C6E86923B504670073F258 /* Storyboards */ = {
			isa = PBXGroup;
			children = (
				77C6E85A23B504170073F258 /* Main.storyboard */,
				77C6E85F23B5041A0073F258 /* LaunchScreen.storyboard */,
			);
			path = Storyboards;
			sourceTree = "<group>";
		};
		77C6E86A23B504710073F258 /* View Controllers */ = {
			isa = PBXGroup;
			children = (
				77C6E87223B526B70073F258 /* SearchTableViewController.swift */,
				773439D223B958BD004A525E /* ShowCollectionViewController.swift */,
				7711050123C5086800933BC1 /* ShowDetailViewController.swift */,
			);
			path = "View Controllers";
			sourceTree = "<group>";
		};
		77C6E86B23B5047A0073F258 /* Views */ = {
			isa = PBXGroup;
			children = (
				77DD7E4923BAAA9400A8F9A5 /* EpisodeTableViewCell.swift */,
				77139DBD23BDBE9600294724 /* ShowCollectionViewCell.swift */,
			);
			path = Views;
			sourceTree = "<group>";
		};
		77C6E86C23B504850073F258 /* Models */ = {
			isa = PBXGroup;
			children = (
				7711050923C66C8C00933BC1 /* Show+CoreDataProperties.swift */,
				77DD7E4023BA9A0400A8F9A5 /* Binge.xcdatamodeld */,
				77DD7E4723BAA34D00A8F9A5 /* CoreDataStack.swift */,
				77DD7E4523BA9F5200A8F9A5 /* Show+Convenience.swift */,
				7771320723C429B9006258D2 /* Show+CoreDataClass.swift */,
				772B58B723C149320017F287 /* ShowRepresentation.swift */,
				7711050B23C75EB800933BC1 /* EpisodeRepresentation.swift */,
			);
			path = Models;
			sourceTree = "<group>";
		};
		77C6E86D23B5048B0073F258 /* Model Controllers */ = {
			isa = PBXGroup;
			children = (
				77139DD123BFF63900294724 /* APIController.swift */,
			);
			path = "Model Controllers";
			sourceTree = "<group>";
		};
		81F62C771F03F5DF786454A8 /* Pods */ = {
			isa = PBXGroup;
			children = (
				50106E8ED39CCBDEF15607CE /* Pods-Binge.debug.xcconfig */,
				C9F301EB8351986368317837 /* Pods-Binge.release.xcconfig */,
			);
			path = Pods;
			sourceTree = "<group>";
		};
/* End PBXGroup section */

/* Begin PBXNativeTarget section */
		77C6E85023B504170073F258 /* Binge */ = {
			isa = PBXNativeTarget;
			buildConfigurationList = 77C6E86523B5041A0073F258 /* Build configuration list for PBXNativeTarget "Binge" */;
			buildPhases = (
				4D1D03060FB89FCA62043B76 /* [CP] Check Pods Manifest.lock */,
				77C6E84D23B504170073F258 /* Sources */,
				77C6E84E23B504170073F258 /* Frameworks */,
				77C6E84F23B504170073F258 /* Resources */,
				E7F9401E24A1EBC465D00FA9 /* [CP] Embed Pods Frameworks */,
			);
			buildRules = (
			);
			dependencies = (
			);
			name = Binge;
			productName = Binge;
			productReference = 77C6E85123B504170073F258 /* Binge.app */;
			productType = "com.apple.product-type.application";
		};
/* End PBXNativeTarget section */

/* Begin PBXProject section */
		77C6E84923B504170073F258 /* Project object */ = {
			isa = PBXProject;
			attributes = {
				LastSwiftUpdateCheck = 1130;
				LastUpgradeCheck = 1130;
				ORGANIZATIONNAME = "Ciara Beitel";
				TargetAttributes = {
					77C6E85023B504170073F258 = {
						CreatedOnToolsVersion = 11.3;
					};
				};
			};
			buildConfigurationList = 77C6E84C23B504170073F258 /* Build configuration list for PBXProject "Binge" */;
			compatibilityVersion = "Xcode 9.3";
			developmentRegion = en;
			hasScannedForEncodings = 0;
			knownRegions = (
				en,
				Base,
			);
			mainGroup = 77C6E84823B504170073F258;
			productRefGroup = 77C6E85223B504170073F258 /* Products */;
			projectDirPath = "";
			projectRoot = "";
			targets = (
				77C6E85023B504170073F258 /* Binge */,
			);
		};
/* End PBXProject section */

/* Begin PBXResourcesBuildPhase section */
		77C6E84F23B504170073F258 /* Resources */ = {
			isa = PBXResourcesBuildPhase;
			buildActionMask = 2147483647;
			files = (
				771FE18223C785890038D59C /* Nunito-SemiBoldItalic.ttf in Resources */,
				771FE17D23C785890038D59C /* Nunito-ExtraLightItalic.ttf in Resources */,
				771FE18023C785890038D59C /* Nunito-Italic.ttf in Resources */,
				771FE18723C785890038D59C /* Nunito-ExtraBoldItalic.ttf in Resources */,
				77C6E86123B5041A0073F258 /* LaunchScreen.storyboard in Resources */,
				77C6E85E23B5041A0073F258 /* Assets.xcassets in Resources */,
				771FE17F23C785890038D59C /* Nunito-BoldItalic.ttf in Resources */,
				771FE18123C785890038D59C /* Nunito-SemiBold.ttf in Resources */,
				771FE18423C785890038D59C /* Nunito-BlackItalic.ttf in Resources */,
				771FE17B23C785890038D59C /* Nunito-ExtraBold.ttf in Resources */,
				771FE17C23C785890038D59C /* Nunito-ExtraLight.ttf in Resources */,
				771FE18623C785890038D59C /* Nunito-LightItalic.ttf in Resources */,
				771FE18323C785890038D59C /* Nunito-Black.ttf in Resources */,
				771FE18523C785890038D59C /* Nunito-Light.ttf in Resources */,
				771FE17A23C785890038D59C /* Nunito-Regular.ttf in Resources */,
				771FE17E23C785890038D59C /* Nunito-Bold.ttf in Resources */,
				77C6E85C23B504170073F258 /* Main.storyboard in Resources */,
			);
			runOnlyForDeploymentPostprocessing = 0;
		};
/* End PBXResourcesBuildPhase section */

/* Begin PBXShellScriptBuildPhase section */
		4D1D03060FB89FCA62043B76 /* [CP] Check Pods Manifest.lock */ = {
			isa = PBXShellScriptBuildPhase;
			buildActionMask = 2147483647;
			files = (
			);
			inputFileListPaths = (
			);
			inputPaths = (
				"${PODS_PODFILE_DIR_PATH}/Podfile.lock",
				"${PODS_ROOT}/Manifest.lock",
			);
			name = "[CP] Check Pods Manifest.lock";
			outputFileListPaths = (
			);
			outputPaths = (
				"$(DERIVED_FILE_DIR)/Pods-Binge-checkManifestLockResult.txt",
			);
			runOnlyForDeploymentPostprocessing = 0;
			shellPath = /bin/sh;
			shellScript = "diff \"${PODS_PODFILE_DIR_PATH}/Podfile.lock\" \"${PODS_ROOT}/Manifest.lock\" > /dev/null\nif [ $? != 0 ] ; then\n    # print error to STDERR\n    echo \"error: The sandbox is not in sync with the Podfile.lock. Run 'pod install' or update your CocoaPods installation.\" >&2\n    exit 1\nfi\n# This output is used by Xcode 'outputs' to avoid re-running this script phase.\necho \"SUCCESS\" > \"${SCRIPT_OUTPUT_FILE_0}\"\n";
			showEnvVarsInLog = 0;
		};
		E7F9401E24A1EBC465D00FA9 /* [CP] Embed Pods Frameworks */ = {
			isa = PBXShellScriptBuildPhase;
			buildActionMask = 2147483647;
			files = (
			);
			inputFileListPaths = (
				"${PODS_ROOT}/Target Support Files/Pods-Binge/Pods-Binge-frameworks-${CONFIGURATION}-input-files.xcfilelist",
			);
			name = "[CP] Embed Pods Frameworks";
			outputFileListPaths = (
				"${PODS_ROOT}/Target Support Files/Pods-Binge/Pods-Binge-frameworks-${CONFIGURATION}-output-files.xcfilelist",
			);
			runOnlyForDeploymentPostprocessing = 0;
			shellPath = /bin/sh;
			shellScript = "\"${PODS_ROOT}/Target Support Files/Pods-Binge/Pods-Binge-frameworks.sh\"\n";
			showEnvVarsInLog = 0;
		};
/* End PBXShellScriptBuildPhase section */

/* Begin PBXSourcesBuildPhase section */
		77C6E84D23B504170073F258 /* Sources */ = {
			isa = PBXSourcesBuildPhase;
			buildActionMask = 2147483647;
			files = (
				772B58B823C149320017F287 /* ShowRepresentation.swift in Sources */,
				77DD7E4623BA9F5200A8F9A5 /* Show+Convenience.swift in Sources */,
				77139DBE23BDBE9600294724 /* ShowCollectionViewCell.swift in Sources */,
				77139DD223BFF63900294724 /* APIController.swift in Sources */,
				7711050A23C66C8C00933BC1 /* Show+CoreDataProperties.swift in Sources */,
				773439D323B958BD004A525E /* ShowCollectionViewController.swift in Sources */,
				77DD7E4223BA9A0400A8F9A5 /* Binge.xcdatamodeld in Sources */,
				77C6E87323B526B70073F258 /* SearchTableViewController.swift in Sources */,
				77DD7E4823BAA34D00A8F9A5 /* CoreDataStack.swift in Sources */,
				7711050C23C75EB800933BC1 /* EpisodeRepresentation.swift in Sources */,
				77DD7E4A23BAAA9400A8F9A5 /* EpisodeTableViewCell.swift in Sources */,
				771FE18923C79D860038D59C /* UIImage+Extension.swift in Sources */,
				7711050223C5086800933BC1 /* ShowDetailViewController.swift in Sources */,
				7771320923C429B9006258D2 /* Show+CoreDataClass.swift in Sources */,
				77C6E85523B504170073F258 /* AppDelegate.swift in Sources */,
				77C6E85723B504170073F258 /* SceneDelegate.swift in Sources */,
			);
			runOnlyForDeploymentPostprocessing = 0;
		};
/* End PBXSourcesBuildPhase section */

/* Begin PBXVariantGroup section */
		77C6E85A23B504170073F258 /* Main.storyboard */ = {
			isa = PBXVariantGroup;
			children = (
				77C6E85B23B504170073F258 /* Base */,
			);
			name = Main.storyboard;
			sourceTree = "<group>";
		};
		77C6E85F23B5041A0073F258 /* LaunchScreen.storyboard */ = {
			isa = PBXVariantGroup;
			children = (
				77C6E86023B5041A0073F258 /* Base */,
			);
			name = LaunchScreen.storyboard;
			sourceTree = "<group>";
		};
/* End PBXVariantGroup section */

/* Begin XCBuildConfiguration section */
		77C6E86323B5041A0073F258 /* Debug */ = {
			isa = XCBuildConfiguration;
			buildSettings = {
				ALWAYS_SEARCH_USER_PATHS = NO;
				CLANG_ANALYZER_NONNULL = YES;
				CLANG_ANALYZER_NUMBER_OBJECT_CONVERSION = YES_AGGRESSIVE;
				CLANG_CXX_LANGUAGE_STANDARD = "gnu++14";
				CLANG_CXX_LIBRARY = "libc++";
				CLANG_ENABLE_MODULES = YES;
				CLANG_ENABLE_OBJC_ARC = YES;
				CLANG_ENABLE_OBJC_WEAK = YES;
				CLANG_WARN_BLOCK_CAPTURE_AUTORELEASING = YES;
				CLANG_WARN_BOOL_CONVERSION = YES;
				CLANG_WARN_COMMA = YES;
				CLANG_WARN_CONSTANT_CONVERSION = YES;
				CLANG_WARN_DEPRECATED_OBJC_IMPLEMENTATIONS = YES;
				CLANG_WARN_DIRECT_OBJC_ISA_USAGE = YES_ERROR;
				CLANG_WARN_DOCUMENTATION_COMMENTS = YES;
				CLANG_WARN_EMPTY_BODY = YES;
				CLANG_WARN_ENUM_CONVERSION = YES;
				CLANG_WARN_INFINITE_RECURSION = YES;
				CLANG_WARN_INT_CONVERSION = YES;
				CLANG_WARN_NON_LITERAL_NULL_CONVERSION = YES;
				CLANG_WARN_OBJC_IMPLICIT_RETAIN_SELF = YES;
				CLANG_WARN_OBJC_LITERAL_CONVERSION = YES;
				CLANG_WARN_OBJC_ROOT_CLASS = YES_ERROR;
				CLANG_WARN_RANGE_LOOP_ANALYSIS = YES;
				CLANG_WARN_STRICT_PROTOTYPES = YES;
				CLANG_WARN_SUSPICIOUS_MOVE = YES;
				CLANG_WARN_UNGUARDED_AVAILABILITY = YES_AGGRESSIVE;
				CLANG_WARN_UNREACHABLE_CODE = YES;
				CLANG_WARN__DUPLICATE_METHOD_MATCH = YES;
				COPY_PHASE_STRIP = NO;
				DEBUG_INFORMATION_FORMAT = dwarf;
				ENABLE_STRICT_OBJC_MSGSEND = YES;
				ENABLE_TESTABILITY = YES;
				GCC_C_LANGUAGE_STANDARD = gnu11;
				GCC_DYNAMIC_NO_PIC = NO;
				GCC_NO_COMMON_BLOCKS = YES;
				GCC_OPTIMIZATION_LEVEL = 0;
				GCC_PREPROCESSOR_DEFINITIONS = (
					"DEBUG=1",
					"$(inherited)",
				);
				GCC_WARN_64_TO_32_BIT_CONVERSION = YES;
				GCC_WARN_ABOUT_RETURN_TYPE = YES_ERROR;
				GCC_WARN_UNDECLARED_SELECTOR = YES;
				GCC_WARN_UNINITIALIZED_AUTOS = YES_AGGRESSIVE;
				GCC_WARN_UNUSED_FUNCTION = YES;
				GCC_WARN_UNUSED_VARIABLE = YES;
				IPHONEOS_DEPLOYMENT_TARGET = 13.2;
				MTL_ENABLE_DEBUG_INFO = INCLUDE_SOURCE;
				MTL_FAST_MATH = YES;
				ONLY_ACTIVE_ARCH = YES;
				SDKROOT = iphoneos;
				SWIFT_ACTIVE_COMPILATION_CONDITIONS = DEBUG;
				SWIFT_OPTIMIZATION_LEVEL = "-Onone";
			};
			name = Debug;
		};
		77C6E86423B5041A0073F258 /* Release */ = {
			isa = XCBuildConfiguration;
			buildSettings = {
				ALWAYS_SEARCH_USER_PATHS = NO;
				CLANG_ANALYZER_NONNULL = YES;
				CLANG_ANALYZER_NUMBER_OBJECT_CONVERSION = YES_AGGRESSIVE;
				CLANG_CXX_LANGUAGE_STANDARD = "gnu++14";
				CLANG_CXX_LIBRARY = "libc++";
				CLANG_ENABLE_MODULES = YES;
				CLANG_ENABLE_OBJC_ARC = YES;
				CLANG_ENABLE_OBJC_WEAK = YES;
				CLANG_WARN_BLOCK_CAPTURE_AUTORELEASING = YES;
				CLANG_WARN_BOOL_CONVERSION = YES;
				CLANG_WARN_COMMA = YES;
				CLANG_WARN_CONSTANT_CONVERSION = YES;
				CLANG_WARN_DEPRECATED_OBJC_IMPLEMENTATIONS = YES;
				CLANG_WARN_DIRECT_OBJC_ISA_USAGE = YES_ERROR;
				CLANG_WARN_DOCUMENTATION_COMMENTS = YES;
				CLANG_WARN_EMPTY_BODY = YES;
				CLANG_WARN_ENUM_CONVERSION = YES;
				CLANG_WARN_INFINITE_RECURSION = YES;
				CLANG_WARN_INT_CONVERSION = YES;
				CLANG_WARN_NON_LITERAL_NULL_CONVERSION = YES;
				CLANG_WARN_OBJC_IMPLICIT_RETAIN_SELF = YES;
				CLANG_WARN_OBJC_LITERAL_CONVERSION = YES;
				CLANG_WARN_OBJC_ROOT_CLASS = YES_ERROR;
				CLANG_WARN_RANGE_LOOP_ANALYSIS = YES;
				CLANG_WARN_STRICT_PROTOTYPES = YES;
				CLANG_WARN_SUSPICIOUS_MOVE = YES;
				CLANG_WARN_UNGUARDED_AVAILABILITY = YES_AGGRESSIVE;
				CLANG_WARN_UNREACHABLE_CODE = YES;
				CLANG_WARN__DUPLICATE_METHOD_MATCH = YES;
				COPY_PHASE_STRIP = NO;
				DEBUG_INFORMATION_FORMAT = "dwarf-with-dsym";
				ENABLE_NS_ASSERTIONS = NO;
				ENABLE_STRICT_OBJC_MSGSEND = YES;
				GCC_C_LANGUAGE_STANDARD = gnu11;
				GCC_NO_COMMON_BLOCKS = YES;
				GCC_WARN_64_TO_32_BIT_CONVERSION = YES;
				GCC_WARN_ABOUT_RETURN_TYPE = YES_ERROR;
				GCC_WARN_UNDECLARED_SELECTOR = YES;
				GCC_WARN_UNINITIALIZED_AUTOS = YES_AGGRESSIVE;
				GCC_WARN_UNUSED_FUNCTION = YES;
				GCC_WARN_UNUSED_VARIABLE = YES;
				IPHONEOS_DEPLOYMENT_TARGET = 13.2;
				MTL_ENABLE_DEBUG_INFO = NO;
				MTL_FAST_MATH = YES;
				SDKROOT = iphoneos;
				SWIFT_COMPILATION_MODE = wholemodule;
				SWIFT_OPTIMIZATION_LEVEL = "-O";
				VALIDATE_PRODUCT = YES;
			};
			name = Release;
		};
		77C6E86623B5041A0073F258 /* Debug */ = {
			isa = XCBuildConfiguration;
			baseConfigurationReference = 50106E8ED39CCBDEF15607CE /* Pods-Binge.debug.xcconfig */;
			buildSettings = {
				ASSETCATALOG_COMPILER_APPICON_NAME = AppIcon;
				CODE_SIGN_STYLE = Automatic;
				DEVELOPMENT_TEAM = 63GJL7X8L2;
				INFOPLIST_FILE = "$(SRCROOT)/Binge/Resources/Info.plist";
				LD_RUNPATH_SEARCH_PATHS = (
					"$(inherited)",
					"@executable_path/Frameworks",
				);
				PRODUCT_BUNDLE_IDENTIFIER = com.ciaranotclara.Binge;
				PRODUCT_NAME = "$(TARGET_NAME)";
				SWIFT_VERSION = 5.0;
				TARGETED_DEVICE_FAMILY = "1,2";
			};
			name = Debug;
		};
		77C6E86723B5041A0073F258 /* Release */ = {
			isa = XCBuildConfiguration;
			baseConfigurationReference = C9F301EB8351986368317837 /* Pods-Binge.release.xcconfig */;
			buildSettings = {
				ASSETCATALOG_COMPILER_APPICON_NAME = AppIcon;
				CODE_SIGN_STYLE = Automatic;
				DEVELOPMENT_TEAM = 63GJL7X8L2;
				INFOPLIST_FILE = "$(SRCROOT)/Binge/Resources/Info.plist";
				LD_RUNPATH_SEARCH_PATHS = (
					"$(inherited)",
					"@executable_path/Frameworks",
				);
				PRODUCT_BUNDLE_IDENTIFIER = com.ciaranotclara.Binge;
				PRODUCT_NAME = "$(TARGET_NAME)";
				SWIFT_VERSION = 5.0;
				TARGETED_DEVICE_FAMILY = "1,2";
			};
			name = Release;
		};
/* End XCBuildConfiguration section */

/* Begin XCConfigurationList section */
		77C6E84C23B504170073F258 /* Build configuration list for PBXProject "Binge" */ = {
			isa = XCConfigurationList;
			buildConfigurations = (
				77C6E86323B5041A0073F258 /* Debug */,
				77C6E86423B5041A0073F258 /* Release */,
			);
			defaultConfigurationIsVisible = 0;
			defaultConfigurationName = Release;
		};
		77C6E86523B5041A0073F258 /* Build configuration list for PBXNativeTarget "Binge" */ = {
			isa = XCConfigurationList;
			buildConfigurations = (
				77C6E86623B5041A0073F258 /* Debug */,
				77C6E86723B5041A0073F258 /* Release */,
			);
			defaultConfigurationIsVisible = 0;
			defaultConfigurationName = Release;
		};
/* End XCConfigurationList section */

/* Begin XCVersionGroup section */
		77DD7E4023BA9A0400A8F9A5 /* Binge.xcdatamodeld */ = {
			isa = XCVersionGroup;
			children = (
				77DD7E4123BA9A0400A8F9A5 /* Show.xcdatamodel */,
			);
			currentVersion = 77DD7E4123BA9A0400A8F9A5 /* Show.xcdatamodel */;
			path = Binge.xcdatamodeld;
			sourceTree = "<group>";
			versionGroupType = wrapper.xcdatamodel;
		};
/* End XCVersionGroup section */
	};
	rootObject = 77C6E84923B504170073F258 /* Project object */;
}
